
Microsoft Visual Studio Solution File, Format Version 12.00
# Visual Studio Version 16
VisualStudioVersion = 16.0.29418.71
MinimumVisualStudioVersion = 10.0.40219.1
Project("{9A19103F-16F7-4668-BE54-9A1E7A4F7556}") = "angular-sensor-dashboard", "angular-sensor-dashboard.csproj", "{5535C7D7-AF2D-49E6-B2B3-B2FA95BAFC96}"
EndProject
Global
	GlobalSection(SolutionConfigurationPlatforms) = preSolution
		Debug|Any CPU = Debug|Any CPU
		Release|Any CPU = Release|Any CPU
	EndGlobalSection
	GlobalSection(ProjectConfigurationPlatforms) = postSolution
		{5535C7D7-AF2D-49E6-B2B3-B2FA95BAFC96}.Debug|Any CPU.ActiveCfg = Debug|Any CPU
		{5535C7D7-AF2D-49E6-B2B3-B2FA95BAFC96}.Debug|Any CPU.Build.0 = Debug|Any CPU
		{5535C7D7-AF2D-49E6-B2B3-B2FA95BAFC96}.Release|Any CPU.ActiveCfg = Release|Any CPU
		{5535C7D7-AF2D-49E6-B2B3-B2FA95BAFC96}.Release|Any CPU.Build.0 = Release|Any CPU
	EndGlobalSection
	GlobalSection(SolutionProperties) = preSolution
		HideSolutionNode = FALSE
	EndGlobalSection
	GlobalSection(ExtensibilityGlobals) = postSolution
		SolutionGuid = {F9FBB4A0-4820-43C1-8A4E-3351707F9D52}
	EndGlobalSection
EndGlobal
